
Microsoft Visual Studio Solution File, Format Version 12.00
# Visual Studio 14
VisualStudioVersion = 14.0.23107.0
MinimumVisualStudioVersion = 10.0.40219.1
Project("{FAE04EC0-301F-11D3-BF4B-00C04F79EFBC}") = "VirtoCommerce.Platform.Web", "VirtoCommerce.Platform.Web\VirtoCommerce.Platform.Web.csproj", "{B53BA685-B324-42E6-80AD-7B641DD414E7}"
EndProject
Project("{FAE04EC0-301F-11D3-BF4B-00C04F79EFBC}") = "VirtoCommerce.Platform.Data", "VirtoCommerce.Platform.Data\VirtoCommerce.Platform.Data.csproj", "{39AFD233-B2F7-4178-817D-0A339C57525D}"
EndProject
Project("{FAE04EC0-301F-11D3-BF4B-00C04F79EFBC}") = "VirtoCommerce.Platform.Core", "VirtoCommerce.Platform.Core\VirtoCommerce.Platform.Core.csproj", "{F7C9313B-522E-4619-ABC9-8C7D4600D6B5}"
EndProject
Project("{2150E333-8FDC-42A3-9474-1A3956D46DE8}") = "Modules", "Modules", "{A4C0D164-BF77-4B57-8970-B5459B100AC3}"
EndProject
Project("{2150E333-8FDC-42A3-9474-1A3956D46DE8}") = "Commerce", "Commerce", "{8685E686-A5FC-43B5-AFA8-AC508C789EF4}"
EndProject
Project("{2150E333-8FDC-42A3-9474-1A3956D46DE8}") = "Internal", "Internal", "{0E28F100-505E-4783-8ED8-8F4693F1B945}"
EndProject
Project("{2150E333-8FDC-42A3-9474-1A3956D46DE8}") = "Catalog", "Catalog", "{7C7428C3-DDE2-4783-87EB-13E9A7C405C5}"
EndProject
Project("{FAE04EC0-301F-11D3-BF4B-00C04F79EFBC}") = "VirtoCommerce.CatalogModule.Data", "Modules\Catalog\VirtoCommerce.CatalogModule.Data\VirtoCommerce.CatalogModule.Data.csproj", "{B8C758D7-822F-40D8-B28C-EF21C873AF49}"
EndProject
Project("{FAE04EC0-301F-11D3-BF4B-00C04F79EFBC}") = "VirtoCommerce.CatalogModule.Web", "Modules\Catalog\VirtoCommerce.CatalogModule.Web\VirtoCommerce.CatalogModule.Web.csproj", "{988CB3E9-2594-499C-90B4-9399EB481C79}"
EndProject
Project("{FAE04EC0-301F-11D3-BF4B-00C04F79EFBC}") = "VirtoCommerce.ModulesPublishing", "Modules\Internal\VirtoCommerce.ModulesPublishing\VirtoCommerce.ModulesPublishing.csproj", "{0809323F-4E3D-4BC5-A90A-4B9B9C7DECE3}"
EndProject
Project("{2150E333-8FDC-42A3-9474-1A3956D46DE8}") = "Core", "Core", "{B11F2043-4DBC-4065-AFD1-58A162EE03F8}"
EndProject
Project("{FAE04EC0-301F-11D3-BF4B-00C04F79EFBC}") = "VirtoCommerce.Domain", "Modules\Core\VirtoCommerce.Domain\VirtoCommerce.Domain.csproj", "{67C58A78-DDEA-4FA3-A969-1CAB582918E4}"
EndProject
Project("{FAE04EC0-301F-11D3-BF4B-00C04F79EFBC}") = "VirtoCommerce.CoreModule.Web", "Modules\Core\VirtoCommerce.Core.Web\VirtoCommerce.CoreModule.Web.csproj", "{47D7C89C-62A8-44EC-B544-F24E874192AC}"
EndProject
Project("{FAE04EC0-301F-11D3-BF4B-00C04F79EFBC}") = "VirtoCommerce.CoreModule.Data", "Modules\Core\VirtoCommerce.CoreModule.Data\VirtoCommerce.CoreModule.Data.csproj", "{3A627001-02C6-4809-AB42-D517C636E7B7}"
EndProject
Global
	GlobalSection(SolutionConfigurationPlatforms) = preSolution
		Debug|Any CPU = Debug|Any CPU
		Release|Any CPU = Release|Any CPU
	EndGlobalSection
	GlobalSection(ProjectConfigurationPlatforms) = postSolution
		{B53BA685-B324-42E6-80AD-7B641DD414E7}.Debug|Any CPU.ActiveCfg = Debug|Any CPU
		{B53BA685-B324-42E6-80AD-7B641DD414E7}.Debug|Any CPU.Build.0 = Debug|Any CPU
		{B53BA685-B324-42E6-80AD-7B641DD414E7}.Release|Any CPU.ActiveCfg = Release|Any CPU
		{B53BA685-B324-42E6-80AD-7B641DD414E7}.Release|Any CPU.Build.0 = Release|Any CPU
		{39AFD233-B2F7-4178-817D-0A339C57525D}.Debug|Any CPU.ActiveCfg = Debug|Any CPU
		{39AFD233-B2F7-4178-817D-0A339C57525D}.Debug|Any CPU.Build.0 = Debug|Any CPU
		{39AFD233-B2F7-4178-817D-0A339C57525D}.Release|Any CPU.ActiveCfg = Release|Any CPU
		{39AFD233-B2F7-4178-817D-0A339C57525D}.Release|Any CPU.Build.0 = Release|Any CPU
		{F7C9313B-522E-4619-ABC9-8C7D4600D6B5}.Debug|Any CPU.ActiveCfg = Debug|Any CPU
		{F7C9313B-522E-4619-ABC9-8C7D4600D6B5}.Debug|Any CPU.Build.0 = Debug|Any CPU
		{F7C9313B-522E-4619-ABC9-8C7D4600D6B5}.Release|Any CPU.ActiveCfg = Release|Any CPU
		{F7C9313B-522E-4619-ABC9-8C7D4600D6B5}.Release|Any CPU.Build.0 = Release|Any CPU
		{B8C758D7-822F-40D8-B28C-EF21C873AF49}.Debug|Any CPU.ActiveCfg = Debug|Any CPU
		{B8C758D7-822F-40D8-B28C-EF21C873AF49}.Debug|Any CPU.Build.0 = Debug|Any CPU
		{B8C758D7-822F-40D8-B28C-EF21C873AF49}.Release|Any CPU.ActiveCfg = Release|Any CPU
		{B8C758D7-822F-40D8-B28C-EF21C873AF49}.Release|Any CPU.Build.0 = Release|Any CPU
		{988CB3E9-2594-499C-90B4-9399EB481C79}.Debug|Any CPU.ActiveCfg = Debug|Any CPU
		{988CB3E9-2594-499C-90B4-9399EB481C79}.Debug|Any CPU.Build.0 = Debug|Any CPU
		{988CB3E9-2594-499C-90B4-9399EB481C79}.Release|Any CPU.ActiveCfg = Release|Any CPU
		{988CB3E9-2594-499C-90B4-9399EB481C79}.Release|Any CPU.Build.0 = Release|Any CPU
		{0809323F-4E3D-4BC5-A90A-4B9B9C7DECE3}.Debug|Any CPU.ActiveCfg = Debug|Any CPU
		{0809323F-4E3D-4BC5-A90A-4B9B9C7DECE3}.Debug|Any CPU.Build.0 = Debug|Any CPU
		{0809323F-4E3D-4BC5-A90A-4B9B9C7DECE3}.Release|Any CPU.ActiveCfg = Release|Any CPU
		{0809323F-4E3D-4BC5-A90A-4B9B9C7DECE3}.Release|Any CPU.Build.0 = Release|Any CPU
		{67C58A78-DDEA-4FA3-A969-1CAB582918E4}.Debug|Any CPU.ActiveCfg = Debug|Any CPU
		{67C58A78-DDEA-4FA3-A969-1CAB582918E4}.Debug|Any CPU.Build.0 = Debug|Any CPU
		{67C58A78-DDEA-4FA3-A969-1CAB582918E4}.Release|Any CPU.ActiveCfg = Release|Any CPU
		{67C58A78-DDEA-4FA3-A969-1CAB582918E4}.Release|Any CPU.Build.0 = Release|Any CPU
		{47D7C89C-62A8-44EC-B544-F24E874192AC}.Debug|Any CPU.ActiveCfg = Debug|Any CPU
		{47D7C89C-62A8-44EC-B544-F24E874192AC}.Debug|Any CPU.Build.0 = Debug|Any CPU
		{47D7C89C-62A8-44EC-B544-F24E874192AC}.Release|Any CPU.ActiveCfg = Release|Any CPU
		{47D7C89C-62A8-44EC-B544-F24E874192AC}.Release|Any CPU.Build.0 = Release|Any CPU
		{3A627001-02C6-4809-AB42-D517C636E7B7}.Debug|Any CPU.ActiveCfg = Debug|Any CPU
		{3A627001-02C6-4809-AB42-D517C636E7B7}.Debug|Any CPU.Build.0 = Debug|Any CPU
		{3A627001-02C6-4809-AB42-D517C636E7B7}.Release|Any CPU.ActiveCfg = Release|Any CPU
		{3A627001-02C6-4809-AB42-D517C636E7B7}.Release|Any CPU.Build.0 = Release|Any CPU
		{79F334BD-425E-409C-AF6A-5ED95320D228}.Debug|Any CPU.ActiveCfg = Debug|Any CPU
		{79F334BD-425E-409C-AF6A-5ED95320D228}.Debug|Any CPU.Build.0 = Debug|Any CPU
		{79F334BD-425E-409C-AF6A-5ED95320D228}.Release|Any CPU.ActiveCfg = Release|Any CPU
		{79F334BD-425E-409C-AF6A-5ED95320D228}.Release|Any CPU.Build.0 = Release|Any CPU
		{5DE51B36-F366-4FE6-A4DB-5FED18CEBC7A}.Debug|Any CPU.ActiveCfg = Debug|Any CPU
		{5DE51B36-F366-4FE6-A4DB-5FED18CEBC7A}.Debug|Any CPU.Build.0 = Debug|Any CPU
		{5DE51B36-F366-4FE6-A4DB-5FED18CEBC7A}.Release|Any CPU.ActiveCfg = Release|Any CPU
		{5DE51B36-F366-4FE6-A4DB-5FED18CEBC7A}.Release|Any CPU.Build.0 = Release|Any CPU
		{6DB023E9-E32F-4537-8448-074F88AA55D6}.Debug|Any CPU.ActiveCfg = Debug|Any CPU
		{6DB023E9-E32F-4537-8448-074F88AA55D6}.Debug|Any CPU.Build.0 = Debug|Any CPU
		{6DB023E9-E32F-4537-8448-074F88AA55D6}.Release|Any CPU.ActiveCfg = Release|Any CPU
		{6DB023E9-E32F-4537-8448-074F88AA55D6}.Release|Any CPU.Build.0 = Release|Any CPU
		{683AE5A9-C093-45C3-AB86-F916153AAC28}.Debug|Any CPU.ActiveCfg = Debug|Any CPU
		{683AE5A9-C093-45C3-AB86-F916153AAC28}.Debug|Any CPU.Build.0 = Debug|Any CPU
		{683AE5A9-C093-45C3-AB86-F916153AAC28}.Release|Any CPU.ActiveCfg = Release|Any CPU
		{683AE5A9-C093-45C3-AB86-F916153AAC28}.Release|Any CPU.Build.0 = Release|Any CPU
		{1E7CB134-7D2C-45FF-8EB7-3C6D474D9536}.Debug|Any CPU.ActiveCfg = Debug|Any CPU
		{1E7CB134-7D2C-45FF-8EB7-3C6D474D9536}.Debug|Any CPU.Build.0 = Debug|Any CPU
		{1E7CB134-7D2C-45FF-8EB7-3C6D474D9536}.Release|Any CPU.ActiveCfg = Release|Any CPU
		{1E7CB134-7D2C-45FF-8EB7-3C6D474D9536}.Release|Any CPU.Build.0 = Release|Any CPU
		{037CFE60-6A94-4B7E-8608-59602A059640}.Debug|Any CPU.ActiveCfg = Debug|Any CPU
		{037CFE60-6A94-4B7E-8608-59602A059640}.Debug|Any CPU.Build.0 = Debug|Any CPU
		{037CFE60-6A94-4B7E-8608-59602A059640}.Release|Any CPU.ActiveCfg = Release|Any CPU
		{037CFE60-6A94-4B7E-8608-59602A059640}.Release|Any CPU.Build.0 = Release|Any CPU
		{E55E08B5-3AF9-467D-8F90-4BEF27BAFA28}.Debug|Any CPU.ActiveCfg = Debug|Any CPU
		{E55E08B5-3AF9-467D-8F90-4BEF27BAFA28}.Debug|Any CPU.Build.0 = Debug|Any CPU
		{E55E08B5-3AF9-467D-8F90-4BEF27BAFA28}.Release|Any CPU.ActiveCfg = Release|Any CPU
		{E55E08B5-3AF9-467D-8F90-4BEF27BAFA28}.Release|Any CPU.Build.0 = Release|Any CPU
		{2DB42CCF-CF00-4EE1-82AE-E985A0457B05}.Debug|Any CPU.ActiveCfg = Debug|Any CPU
		{2DB42CCF-CF00-4EE1-82AE-E985A0457B05}.Debug|Any CPU.Build.0 = Debug|Any CPU
		{2DB42CCF-CF00-4EE1-82AE-E985A0457B05}.Release|Any CPU.ActiveCfg = Release|Any CPU
		{2DB42CCF-CF00-4EE1-82AE-E985A0457B05}.Release|Any CPU.Build.0 = Release|Any CPU
		{2CD7E474-2AC6-4CE8-A459-616F7E5ACD69}.Debug|Any CPU.ActiveCfg = Debug|Any CPU
		{2CD7E474-2AC6-4CE8-A459-616F7E5ACD69}.Debug|Any CPU.Build.0 = Debug|Any CPU
		{2CD7E474-2AC6-4CE8-A459-616F7E5ACD69}.Release|Any CPU.ActiveCfg = Release|Any CPU
		{2CD7E474-2AC6-4CE8-A459-616F7E5ACD69}.Release|Any CPU.Build.0 = Release|Any CPU
		{9E4301FC-541E-4880-A28C-4F617D272B69}.Debug|Any CPU.ActiveCfg = Debug|Any CPU
		{9E4301FC-541E-4880-A28C-4F617D272B69}.Debug|Any CPU.Build.0 = Debug|Any CPU
		{9E4301FC-541E-4880-A28C-4F617D272B69}.Release|Any CPU.ActiveCfg = Release|Any CPU
		{9E4301FC-541E-4880-A28C-4F617D272B69}.Release|Any CPU.Build.0 = Release|Any CPU
		{F64356D7-8A6A-44DF-95F6-C9638A91B4E2}.Debug|Any CPU.ActiveCfg = Debug|Any CPU
		{F64356D7-8A6A-44DF-95F6-C9638A91B4E2}.Debug|Any CPU.Build.0 = Debug|Any CPU
		{F64356D7-8A6A-44DF-95F6-C9638A91B4E2}.Release|Any CPU.ActiveCfg = Release|Any CPU
		{F64356D7-8A6A-44DF-95F6-C9638A91B4E2}.Release|Any CPU.Build.0 = Release|Any CPU
		{EADF6315-2743-49D4-AABE-1FC10BEAA461}.Debug|Any CPU.ActiveCfg = Debug|Any CPU
		{EADF6315-2743-49D4-AABE-1FC10BEAA461}.Debug|Any CPU.Build.0 = Debug|Any CPU
		{EADF6315-2743-49D4-AABE-1FC10BEAA461}.Release|Any CPU.ActiveCfg = Release|Any CPU
		{EADF6315-2743-49D4-AABE-1FC10BEAA461}.Release|Any CPU.Build.0 = Release|Any CPU
		{2CD16215-39F4-4979-BBEC-0524921F2DDC}.Debug|Any CPU.ActiveCfg = Debug|Any CPU
		{2CD16215-39F4-4979-BBEC-0524921F2DDC}.Debug|Any CPU.Build.0 = Debug|Any CPU
		{2CD16215-39F4-4979-BBEC-0524921F2DDC}.Release|Any CPU.ActiveCfg = Release|Any CPU
		{2CD16215-39F4-4979-BBEC-0524921F2DDC}.Release|Any CPU.Build.0 = Release|Any CPU
	EndGlobalSection
	GlobalSection(SolutionProperties) = preSolution
		HideSolutionNode = FALSE
	EndGlobalSection
	GlobalSection(NestedProjects) = preSolution
		{7C7428C3-DDE2-4783-87EB-13E9A7C405C5} = {8685E686-A5FC-43B5-AFA8-AC508C789EF4}
		{B8C758D7-822F-40D8-B28C-EF21C873AF49} = {7C7428C3-DDE2-4783-87EB-13E9A7C405C5}
		{988CB3E9-2594-499C-90B4-9399EB481C79} = {7C7428C3-DDE2-4783-87EB-13E9A7C405C5}
		{8685E686-A5FC-43B5-AFA8-AC508C789EF4} = {A4C0D164-BF77-4B57-8970-B5459B100AC3}
		{0E28F100-505E-4783-8ED8-8F4693F1B945} = {A4C0D164-BF77-4B57-8970-B5459B100AC3}
		{0809323F-4E3D-4BC5-A90A-4B9B9C7DECE3} = {0E28F100-505E-4783-8ED8-8F4693F1B945}
		{B11F2043-4DBC-4065-AFD1-58A162EE03F8} = {8685E686-A5FC-43B5-AFA8-AC508C789EF4}
		{67C58A78-DDEA-4FA3-A969-1CAB582918E4} = {B11F2043-4DBC-4065-AFD1-58A162EE03F8}
		{47D7C89C-62A8-44EC-B544-F24E874192AC} = {B11F2043-4DBC-4065-AFD1-58A162EE03F8}
		{3A627001-02C6-4809-AB42-D517C636E7B7} = {B11F2043-4DBC-4065-AFD1-58A162EE03F8}
		{7D4429AD-B07B-42C1-A285-4686E94FB20E} = {8685E686-A5FC-43B5-AFA8-AC508C789EF4}
		{79F334BD-425E-409C-AF6A-5ED95320D228} = {7D4429AD-B07B-42C1-A285-4686E94FB20E}
		{5DE51B36-F366-4FE6-A4DB-5FED18CEBC7A} = {7D4429AD-B07B-42C1-A285-4686E94FB20E}
		{E9F84189-AD54-4703-BFF0-BAED371D1BF0} = {8685E686-A5FC-43B5-AFA8-AC508C789EF4}
		{6DB023E9-E32F-4537-8448-074F88AA55D6} = {E9F84189-AD54-4703-BFF0-BAED371D1BF0}
		{683AE5A9-C093-45C3-AB86-F916153AAC28} = {E9F84189-AD54-4703-BFF0-BAED371D1BF0}
		{38260361-17B8-4170-BE8B-7EF1376EB5C6} = {8685E686-A5FC-43B5-AFA8-AC508C789EF4}
		{1E7CB134-7D2C-45FF-8EB7-3C6D474D9536} = {38260361-17B8-4170-BE8B-7EF1376EB5C6}
		{037CFE60-6A94-4B7E-8608-59602A059640} = {38260361-17B8-4170-BE8B-7EF1376EB5C6}
		{9CBCF24A-049F-4859-A9AD-6D72E22B52CC} = {8685E686-A5FC-43B5-AFA8-AC508C789EF4}
		{E55E08B5-3AF9-467D-8F90-4BEF27BAFA28} = {9CBCF24A-049F-4859-A9AD-6D72E22B52CC}
		{2DB42CCF-CF00-4EE1-82AE-E985A0457B05} = {9CBCF24A-049F-4859-A9AD-6D72E22B52CC}
		{3CD932F2-D9F4-46C7-9F7F-05009B2DCCE5} = {8685E686-A5FC-43B5-AFA8-AC508C789EF4}
		{2CD7E474-2AC6-4CE8-A459-616F7E5ACD69} = {3CD932F2-D9F4-46C7-9F7F-05009B2DCCE5}
		{9E4301FC-541E-4880-A28C-4F617D272B69} = {3CD932F2-D9F4-46C7-9F7F-05009B2DCCE5}
		{F64356D7-8A6A-44DF-95F6-C9638A91B4E2} = {3CD932F2-D9F4-46C7-9F7F-05009B2DCCE5}
		{672FF289-00BD-431D-8BE6-CD10CCE3DBF3} = {8685E686-A5FC-43B5-AFA8-AC508C789EF4}
		{EADF6315-2743-49D4-AABE-1FC10BEAA461} = {672FF289-00BD-431D-8BE6-CD10CCE3DBF3}
		{2CD16215-39F4-4979-BBEC-0524921F2DDC} = {672FF289-00BD-431D-8BE6-CD10CCE3DBF3}
	EndGlobalSection
EndGlobal
